// !$*UTF8*$!
{
	archiveVersion = 1;
	classes = {
	};
	objectVersion = 46;
	objects = {

/* Begin PBXBuildFile section */
		048C466A1BAEC3C900A1E8EA /* Assets.xcassets in Resources */ = {isa = PBXBuildFile; fileRef = 048C465E1BAEC3C900A1E8EA /* Assets.xcassets */; };
		048C466B1BAEC3C900A1E8EA /* LaunchScreen.storyboard in Resources */ = {isa = PBXBuildFile; fileRef = 048C46601BAEC3C900A1E8EA /* LaunchScreen.storyboard */; };
		048C466C1BAEC3C900A1E8EA /* Main.storyboard in Resources */ = {isa = PBXBuildFile; fileRef = 048C46621BAEC3C900A1E8EA /* Main.storyboard */; };
		048C466E1BAEC3C900A1E8EA /* AppDelegate.swift in Sources */ = {isa = PBXBuildFile; fileRef = 048C46661BAEC3C900A1E8EA /* AppDelegate.swift */; };
		048C466F1BAEC3C900A1E8EA /* ViewController.swift in Sources */ = {isa = PBXBuildFile; fileRef = 048C46681BAEC3C900A1E8EA /* ViewController.swift */; };
/* End PBXBuildFile section */

/* Begin PBXFileReference section */
		048C46481BAEC1DF00A1E8EA /* __APP_NAME__.app */ = {isa = PBXFileReference; explicitFileType = wrapper.application; includeInIndex = 0; path = __APP_NAME__.app; sourceTree = BUILT_PRODUCTS_DIR; };
		048C465E1BAEC3C900A1E8EA /* Assets.xcassets */ = {isa = PBXFileReference; lastKnownFileType = folder.assetcatalog; path = Assets.xcassets; sourceTree = "<group>"; };
		048C46611BAEC3C900A1E8EA /* Base */ = {isa = PBXFileReference; lastKnownFileType = file.storyboard; name = Base; path = Base.lproj/LaunchScreen.storyboard; sourceTree = "<group>"; };
		048C46631BAEC3C900A1E8EA /* Base */ = {isa = PBXFileReference; lastKnownFileType = file.storyboard; name = Base; path = Base.lproj/Main.storyboard; sourceTree = "<group>"; };
		048C46641BAEC3C900A1E8EA /* Info.plist */ = {isa = PBXFileReference; fileEncoding = 4; lastKnownFileType = text.plist.xml; path = Info.plist; sourceTree = "<group>"; };
		048C46661BAEC3C900A1E8EA /* AppDelegate.swift */ = {isa = PBXFileReference; fileEncoding = 4; lastKnownFileType = sourcecode.swift; path = AppDelegate.swift; sourceTree = "<group>"; };
		048C46681BAEC3C900A1E8EA /* ViewController.swift */ = {isa = PBXFileReference; fileEncoding = 4; lastKnownFileType = sourcecode.swift; path = ViewController.swift; sourceTree = "<group>"; };
/* End PBXFileReference section */

/* Begin PBXFrameworksBuildPhase section */
		048C46451BAEC1DF00A1E8EA /* Frameworks */ = {
			isa = PBXFrameworksBuildPhase;
			buildActionMask = 2147483647;
			files = (
			);
			runOnlyForDeploymentPostprocessing = 0;
		};
/* End PBXFrameworksBuildPhase section */

/* Begin PBXGroup section */
		048C463F1BAEC1DF00A1E8EA = {
			isa = PBXGroup;
			children = (
				048C465D1BAEC3C900A1E8EA /* assets */,
				048C465F1BAEC3C900A1E8EA /* support */,
				048C46651BAEC3C900A1E8EA /* src */,
				048C46491BAEC1DF00A1E8EA /* Products */,
			);
			sourceTree = "<group>";
		};
		048C46491BAEC1DF00A1E8EA /* Products */ = {
			isa = PBXGroup;
			children = (
				048C46481BAEC1DF00A1E8EA /* __APP_NAME__.app */,
			);
			name = Products;
			sourceTree = "<group>";
		};
		048C465D1BAEC3C900A1E8EA /* assets */ = {
			isa = PBXGroup;
			children = (
				048C465E1BAEC3C900A1E8EA /* Assets.xcassets */,
			);
			path = assets;
			sourceTree = "<group>";
		};
		048C465F1BAEC3C900A1E8EA /* support */ = {
			isa = PBXGroup;
			children = (
				048C46601BAEC3C900A1E8EA /* LaunchScreen.storyboard */,
				048C46621BAEC3C900A1E8EA /* Main.storyboard */,
				048C46641BAEC3C900A1E8EA /* Info.plist */,
			);
			path = support;
			sourceTree = "<group>";
		};
		048C46651BAEC3C900A1E8EA /* src */ = {
			isa = PBXGroup;
			children = (
				048C46661BAEC3C900A1E8EA /* AppDelegate.swift */,
				048C46671BAEC3C900A1E8EA /* Controllers */,
				048C46691BAEC3C900A1E8EA /* Views */,
			);
			path = src;
			sourceTree = "<group>";
		};
		048C46671BAEC3C900A1E8EA /* Controllers */ = {
			isa = PBXGroup;
			children = (
				048C46681BAEC3C900A1E8EA /* ViewController.swift */,
			);
			path = Controllers;
			sourceTree = "<group>";
		};
		048C46691BAEC3C900A1E8EA /* Views */ = {
			isa = PBXGroup;
			children = (
			);
			path = Views;
			sourceTree = "<group>";
		};
/* End PBXGroup section */

/* Begin PBXNativeTarget section */
		048C46471BAEC1DF00A1E8EA /* __APP_NAME__ */ = {
			isa = PBXNativeTarget;
			buildConfigurationList = 048C465A1BAEC1DF00A1E8EA /* Build configuration list for PBXNativeTarget "__APP_NAME__" */;
			buildPhases = (
				048C46441BAEC1DF00A1E8EA /* Sources */,
				048C46451BAEC1DF00A1E8EA /* Frameworks */,
				048C46461BAEC1DF00A1E8EA /* Resources */,
			);
			buildRules = (
			);
			dependencies = (
			);
			name = __APP_NAME__;
			productName = __APP_NAME__;
			productReference = 048C46481BAEC1DF00A1E8EA /* __APP_NAME__.app */;
			productType = "com.apple.product-type.application";
		};
/* End PBXNativeTarget section */

/* Begin PBXProject section */
		048C46401BAEC1DF00A1E8EA /* Project object */ = {
			isa = PBXProject;
			attributes = {
				LastUpgradeCheck = 0700;
				ORGANIZATIONNAME = "Johan Attali";
				TargetAttributes = {
					048C46471BAEC1DF00A1E8EA = {
						CreatedOnToolsVersion = 7.0;
						LastSwiftMigration = 0820;
						ProvisioningStyle = Manual;
					};
				};
			};
			buildConfigurationList = 048C46431BAEC1DF00A1E8EA /* Build configuration list for PBXProject "__APP_NAME__" */;
			compatibilityVersion = "Xcode 3.2";
			developmentRegion = English;
			hasScannedForEncodings = 0;
			knownRegions = (
				en,
				Base,
			);
			mainGroup = 048C463F1BAEC1DF00A1E8EA;
			productRefGroup = 048C46491BAEC1DF00A1E8EA /* Products */;
			projectDirPath = "";
			projectRoot = "";
			targets = (
				048C46471BAEC1DF00A1E8EA /* __APP_NAME__ */,
			);
		};
/* End PBXProject section */

/* Begin PBXResourcesBuildPhase section */
		048C46461BAEC1DF00A1E8EA /* Resources */ = {
			isa = PBXResourcesBuildPhase;
			buildActionMask = 2147483647;
			files = (
				048C466C1BAEC3C900A1E8EA /* Main.storyboard in Resources */,
				048C466A1BAEC3C900A1E8EA /* Assets.xcassets in Resources */,
				048C466B1BAEC3C900A1E8EA /* LaunchScreen.storyboard in Resources */,
			);
			runOnlyForDeploymentPostprocessing = 0;
		};
/* End PBXResourcesBuildPhase section */

/* Begin PBXSourcesBuildPhase section */
		048C46441BAEC1DF00A1E8EA /* Sources */ = {
			isa = PBXSourcesBuildPhase;
			buildActionMask = 2147483647;
			files = (
				048C466F1BAEC3C900A1E8EA /* ViewController.swift in Sources */,
				048C466E1BAEC3C900A1E8EA /* AppDelegate.swift in Sources */,
			);
			runOnlyForDeploymentPostprocessing = 0;
		};
/* End PBXSourcesBuildPhase section */

/* Begin PBXVariantGroup section */
		048C46601BAEC3C900A1E8EA /* LaunchScreen.storyboard */ = {
			isa = PBXVariantGroup;
			children = (
				048C46611BAEC3C900A1E8EA /* Base */,
			);
			name = LaunchScreen.storyboard;
			sourceTree = "<group>";
		};
		048C46621BAEC3C900A1E8EA /* Main.storyboard */ = {
			isa = PBXVariantGroup;
			children = (
				048C46631BAEC3C900A1E8EA /* Base */,
			);
			name = Main.storyboard;
			sourceTree = "<group>";
		};
/* End PBXVariantGroup section */

/* Begin XCBuildConfiguration section */
		048C46581BAEC1DF00A1E8EA /* Debug */ = {
			isa = XCBuildConfiguration;
			buildSettings = {
				ALWAYS_SEARCH_USER_PATHS = NO;
				CLANG_CXX_LANGUAGE_STANDARD = "gnu++0x";
				CLANG_CXX_LIBRARY = "libc++";
				CLANG_ENABLE_MODULES = YES;
				CLANG_ENABLE_OBJC_ARC = YES;
				CLANG_WARN_BOOL_CONVERSION = YES;
				CLANG_WARN_CONSTANT_CONVERSION = YES;
				CLANG_WARN_DIRECT_OBJC_ISA_USAGE = YES_ERROR;
				CLANG_WARN_EMPTY_BODY = YES;
				CLANG_WARN_ENUM_CONVERSION = YES;
				CLANG_WARN_INT_CONVERSION = YES;
				CLANG_WARN_OBJC_ROOT_CLASS = YES_ERROR;
				CLANG_WARN_UNREACHABLE_CODE = YES;
				CLANG_WARN__DUPLICATE_METHOD_MATCH = YES;
				"CODE_SIGN_IDENTITY[sdk=iphoneos*]" = "iPhone Developer";
				COPY_PHASE_STRIP = NO;
				DEBUG_INFORMATION_FORMAT = dwarf;
				ENABLE_STRICT_OBJC_MSGSEND = YES;
				ENABLE_TESTABILITY = YES;
				GCC_C_LANGUAGE_STANDARD = gnu99;
				GCC_DYNAMIC_NO_PIC = NO;
				GCC_NO_COMMON_BLOCKS = YES;
				GCC_OPTIMIZATION_LEVEL = 0;
				GCC_PREPROCESSOR_DEFINITIONS = (
					"DEBUG=1",
					"$(inherited)",
				);
				GCC_WARN_64_TO_32_BIT_CONVERSION = YES;
				GCC_WARN_ABOUT_RETURN_TYPE = YES_ERROR;
				GCC_WARN_UNDECLARED_SELECTOR = YES;
				GCC_WARN_UNINITIALIZED_AUTOS = YES_AGGRESSIVE;
				GCC_WARN_UNUSED_FUNCTION = YES;
				GCC_WARN_UNUSED_VARIABLE = YES;
				IPHONEOS_DEPLOYMENT_TARGET = 9.0;
				MTL_ENABLE_DEBUG_INFO = YES;
				ONLY_ACTIVE_ARCH = YES;
				SDKROOT = iphoneos;
				SWIFT_OPTIMIZATION_LEVEL = "-Onone";
				TARGETED_DEVICE_FAMILY = "1,2";
			};
			name = Debug;
		};
		048C46591BAEC1DF00A1E8EA /* Release */ = {
			isa = XCBuildConfiguration;
			buildSettings = {
				ALWAYS_SEARCH_USER_PATHS = NO;
				CLANG_CXX_LANGUAGE_STANDARD = "gnu++0x";
				CLANG_CXX_LIBRARY = "libc++";
				CLANG_ENABLE_MODULES = YES;
				CLANG_ENABLE_OBJC_ARC = YES;
				CLANG_WARN_BOOL_CONVERSION = YES;
				CLANG_WARN_CONSTANT_CONVERSION = YES;
				CLANG_WARN_DIRECT_OBJC_ISA_USAGE = YES_ERROR;
				CLANG_WARN_EMPTY_BODY = YES;
				CLANG_WARN_ENUM_CONVERSION = YES;
				CLANG_WARN_INT_CONVERSION = YES;
				CLANG_WARN_OBJC_ROOT_CLASS = YES_ERROR;
				CLANG_WARN_UNREACHABLE_CODE = YES;
				CLANG_WARN__DUPLICATE_METHOD_MATCH = YES;
				"CODE_SIGN_IDENTITY[sdk=iphoneos*]" = "iPhone Developer";
				COPY_PHASE_STRIP = NO;
				DEBUG_INFORMATION_FORMAT = "dwarf-with-dsym";
				ENABLE_NS_ASSERTIONS = NO;
				ENABLE_STRICT_OBJC_MSGSEND = YES;
				GCC_C_LANGUAGE_STANDARD = gnu99;
				GCC_NO_COMMON_BLOCKS = YES;
				GCC_WARN_64_TO_32_BIT_CONVERSION = YES;
				GCC_WARN_ABOUT_RETURN_TYPE = YES_ERROR;
				GCC_WARN_UNDECLARED_SELECTOR = YES;
				GCC_WARN_UNINITIALIZED_AUTOS = YES_AGGRESSIVE;
				GCC_WARN_UNUSED_FUNCTION = YES;
				GCC_WARN_UNUSED_VARIABLE = YES;
				IPHONEOS_DEPLOYMENT_TARGET = 9.0;
				MTL_ENABLE_DEBUG_INFO = NO;
				SDKROOT = iphoneos;
				TARGETED_DEVICE_FAMILY = "1,2";
				VALIDATE_PRODUCT = YES;
			};
			name = Release;
		};
		048C465B1BAEC1DF00A1E8EA /* Debug */ = {
			isa = XCBuildConfiguration;
			buildSettings = {
				ASSETCATALOG_COMPILER_APPICON_NAME = AppIcon;
				DEVELOPMENT_TEAM = "";
				INFOPLIST_FILE = support/Info.plist;
				LD_RUNPATH_SEARCH_PATHS = "$(inherited) @executable_path/Frameworks";
				PRODUCT_BUNDLE_IDENTIFIER = "com.company.--APP-NAME--";
				PRODUCT_NAME = __APP_NAME__;
				SWIFT_VERSION = 3.0;
			};
			name = Debug;
		};
		048C465C1BAEC1DF00A1E8EA /* Release */ = {
			isa = XCBuildConfiguration;
			buildSettings = {
				ASSETCATALOG_COMPILER_APPICON_NAME = AppIcon;
				DEVELOPMENT_TEAM = "";
				INFOPLIST_FILE = support/Info.plist;
				LD_RUNPATH_SEARCH_PATHS = "$(inherited) @executable_path/Frameworks";
				PRODUCT_BUNDLE_IDENTIFIER = "com.company.--APP-NAME--";
				PRODUCT_NAME = __APP_NAME__;
				SWIFT_VERSION = 3.0;
			};
			name = Release;
		};
/* End XCBuildConfiguration section */

/* Begin XCConfigurationList section */
		048C46431BAEC1DF00A1E8EA /* Build configuration list for PBXProject "__APP_NAME__" */ = {
			isa = XCConfigurationList;
			buildConfigurations = (
				048C46581BAEC1DF00A1E8EA /* Debug */,
				048C46591BAEC1DF00A1E8EA /* Release */,
			);
			defaultConfigurationIsVisible = 0;
			defaultConfigurationName = Release;
		};
		048C465A1BAEC1DF00A1E8EA /* Build configuration list for PBXNativeTarget "__APP_NAME__" */ = {
			isa = XCConfigurationList;
			buildConfigurations = (
				048C465B1BAEC1DF00A1E8EA /* Debug */,
				048C465C1BAEC1DF00A1E8EA /* Release */,
			);
			defaultConfigurationIsVisible = 0;
			defaultConfigurationName = Release;
		};
/* End XCConfigurationList section */
	};
	rootObject = 048C46401BAEC1DF00A1E8EA /* Project object */;
}
